
Microsoft Visual Studio Solution File, Format Version 12.00
# Visual Studio Version 16
VisualStudioVersion = 16.0.29905.134
MinimumVisualStudioVersion = 10.0.40219.1
Project("{FAE04EC0-301F-11D3-BF4B-00C04F79EFBC}") = "data-structures-and-algorithms401", "data-structures-and-algorithms401\data-structures-and-algorithms401.csproj", "{1A7A2120-4C41-449B-B29A-FA878B0C374E}"
EndProject
Global
	GlobalSection(SolutionConfigurationPlatforms) = preSolution
		Debug|Any CPU = Debug|Any CPU
		Release|Any CPU = Release|Any CPU
	EndGlobalSection
	GlobalSection(ProjectConfigurationPlatforms) = postSolution
		{1A7A2120-4C41-449B-B29A-FA878B0C374E}.Debug|Any CPU.ActiveCfg = Debug|Any CPU
		{1A7A2120-4C41-449B-B29A-FA878B0C374E}.Debug|Any CPU.Build.0 = Debug|Any CPU
		{1A7A2120-4C41-449B-B29A-FA878B0C374E}.Release|Any CPU.ActiveCfg = Release|Any CPU
		{1A7A2120-4C41-449B-B29A-FA878B0C374E}.Release|Any CPU.Build.0 = Release|Any CPU
	EndGlobalSection
	GlobalSection(SolutionProperties) = preSolution
		HideSolutionNode = FALSE
	EndGlobalSection
	GlobalSection(ExtensibilityGlobals) = postSolution
		SolutionGuid = {F683B9B0-B12F-430B-A597-6780FC1523FE}
	EndGlobalSection
EndGlobal
